
Microsoft Visual Studio Solution File, Format Version 12.00
# Visual Studio Version 16
VisualStudioVersion = 16.0.30011.22
MinimumVisualStudioVersion = 10.0.40219.1
Project("{8BC9CEB8-8B4A-11D0-8D11-00A0C91BC942}") = "MyDll", "MyDll.vcxproj", "{32EC0E2E-C48A-4789-B600-71AC4E039D0F}"
EndProject
Global
	GlobalSection(SolutionConfigurationPlatforms) = preSolution
		Debug|x64 = Debug|x64
		Debug|x86 = Debug|x86
		Release|x64 = Release|x64
		Release|x86 = Release|x86
	EndGlobalSection
	GlobalSection(ProjectConfigurationPlatforms) = postSolution
		{32EC0E2E-C48A-4789-B600-71AC4E039D0F}.Debug|x64.ActiveCfg = Debug|x64
		{32EC0E2E-C48A-4789-B600-71AC4E039D0F}.Debug|x64.Build.0 = Debug|x64
		{32EC0E2E-C48A-4789-B600-71AC4E039D0F}.Debug|x86.ActiveCfg = Debug|Win32
		{32EC0E2E-C48A-4789-B600-71AC4E039D0F}.Debug|x86.Build.0 = Debug|Win32
		{32EC0E2E-C48A-4789-B600-71AC4E039D0F}.Release|x64.ActiveCfg = Release|x64
		{32EC0E2E-C48A-4789-B600-71AC4E039D0F}.Release|x64.Build.0 = Release|x64
		{32EC0E2E-C48A-4789-B600-71AC4E039D0F}.Release|x86.ActiveCfg = Release|Win32
		{32EC0E2E-C48A-4789-B600-71AC4E039D0F}.Release|x86.Build.0 = Release|Win32
	EndGlobalSection
	GlobalSection(SolutionProperties) = preSolution
		HideSolutionNode = FALSE
	EndGlobalSection
	GlobalSection(ExtensibilityGlobals) = postSolution
		SolutionGuid = {1C58FA1E-4371-45B4-8D54-0A435059D628}
	EndGlobalSection
EndGlobal
