
Microsoft Visual Studio Solution File, Format Version 12.00
# Visual Studio Version 16
VisualStudioVersion = 16.0.29319.158
MinimumVisualStudioVersion = 10.0.40219.1
Project("{8BC9CEB8-8B4A-11D0-8D11-00A0C91BC942}") = "SQLite_36", "SQLite_36\SQLite_36.vcxproj", "{CB516971-541F-42EA-A1B5-DB3AAB314CE1}"
EndProject
Global
	GlobalSection(SolutionConfigurationPlatforms) = preSolution
		Debug|x64 = Debug|x64
		Debug|x86 = Debug|x86
		Release|x64 = Release|x64
		Release|x86 = Release|x86
	EndGlobalSection
	GlobalSection(ProjectConfigurationPlatforms) = postSolution
		{CB516971-541F-42EA-A1B5-DB3AAB314CE1}.Debug|x64.ActiveCfg = Debug|x64
		{CB516971-541F-42EA-A1B5-DB3AAB314CE1}.Debug|x64.Build.0 = Debug|x64
		{CB516971-541F-42EA-A1B5-DB3AAB314CE1}.Debug|x86.ActiveCfg = Debug|Win32
		{CB516971-541F-42EA-A1B5-DB3AAB314CE1}.Debug|x86.Build.0 = Debug|Win32
		{CB516971-541F-42EA-A1B5-DB3AAB314CE1}.Release|x64.ActiveCfg = Release|x64
		{CB516971-541F-42EA-A1B5-DB3AAB314CE1}.Release|x64.Build.0 = Release|x64
		{CB516971-541F-42EA-A1B5-DB3AAB314CE1}.Release|x86.ActiveCfg = Release|Win32
		{CB516971-541F-42EA-A1B5-DB3AAB314CE1}.Release|x86.Build.0 = Release|Win32
	EndGlobalSection
	GlobalSection(SolutionProperties) = preSolution
		HideSolutionNode = FALSE
	EndGlobalSection
	GlobalSection(ExtensibilityGlobals) = postSolution
		SolutionGuid = {6C043D77-AC76-458A-BB60-B332F89DA60C}
	EndGlobalSection
EndGlobal
